// !$*UTF8*$!
{
	archiveVersion = 1;
	classes = {
	};
	objectVersion = 46;
	objects = {

/* Begin PBXBuildFile section */
		58FBD2C61E4DA11D0091DF8F /* AppDelegate.swift in Sources */ = {isa = PBXBuildFile; fileRef = 58FBD2C51E4DA11D0091DF8F /* AppDelegate.swift */; };
		58FBD2C81E4DA11D0091DF8F /* ViewController.swift in Sources */ = {isa = PBXBuildFile; fileRef = 58FBD2C71E4DA11D0091DF8F /* ViewController.swift */; };
		58FBD2CB1E4DA11D0091DF8F /* Main.storyboard in Resources */ = {isa = PBXBuildFile; fileRef = 58FBD2C91E4DA11D0091DF8F /* Main.storyboard */; };
		58FBD2CD1E4DA11D0091DF8F /* Assets.xcassets in Resources */ = {isa = PBXBuildFile; fileRef = 58FBD2CC1E4DA11D0091DF8F /* Assets.xcassets */; };
		58FBD2D01E4DA11D0091DF8F /* LaunchScreen.storyboard in Resources */ = {isa = PBXBuildFile; fileRef = 58FBD2CE1E4DA11D0091DF8F /* LaunchScreen.storyboard */; };
		58FBD2E01E4DA12F0091DF8F /* SnapKit.framework in Frameworks */ = {isa = PBXBuildFile; fileRef = 58FBD2DD1E4DA1280091DF8F /* SnapKit.framework */; };
		58FBD2E11E4DA12F0091DF8F /* SnapKit.framework in Embed Frameworks */ = {isa = PBXBuildFile; fileRef = 58FBD2DD1E4DA1280091DF8F /* SnapKit.framework */; settings = {ATTRIBUTES = (CodeSignOnCopy, RemoveHeadersOnCopy, ); }; };
/* End PBXBuildFile section */

/* Begin PBXContainerItemProxy section */
		58FBD2DC1E4DA1280091DF8F /* PBXContainerItemProxy */ = {
			isa = PBXContainerItemProxy;
			containerPortal = 58FBD2D71E4DA1280091DF8F /* SnapKit.xcodeproj */;
			proxyType = 2;
			remoteGlobalIDString = EEBCC9D819CC627D0083B827;
			remoteInfo = SnapKit;
		};
		58FBD2DE1E4DA1280091DF8F /* PBXContainerItemProxy */ = {
			isa = PBXContainerItemProxy;
			containerPortal = 58FBD2D71E4DA1280091DF8F /* SnapKit.xcodeproj */;
			proxyType = 2;
			remoteGlobalIDString = EEBCC9E219CC627E0083B827;
			remoteInfo = "SnapKit Tests";
		};
		58FBD2E21E4DA12F0091DF8F /* PBXContainerItemProxy */ = {
			isa = PBXContainerItemProxy;
			containerPortal = 58FBD2D71E4DA1280091DF8F /* SnapKit.xcodeproj */;
			proxyType = 1;
			remoteGlobalIDString = EEBCC9D719CC627D0083B827;
			remoteInfo = SnapKit;
		};
/* End PBXContainerItemProxy section */

/* Begin PBXCopyFilesBuildPhase section */
		58FBD2E41E4DA12F0091DF8F /* Embed Frameworks */ = {
			isa = PBXCopyFilesBuildPhase;
			buildActionMask = 2147483647;
			dstPath = "";
			dstSubfolderSpec = 10;
			files = (
				58FBD2E11E4DA12F0091DF8F /* SnapKit.framework in Embed Frameworks */,
			);
			name = "Embed Frameworks";
			runOnlyForDeploymentPostprocessing = 0;
		};
/* End PBXCopyFilesBuildPhase section */

/* Begin PBXFileReference section */
		58FBD2C21E4DA11D0091DF8F /* hangge_1112.app */ = {isa = PBXFileReference; explicitFileType = wrapper.application; includeInIndex = 0; path = hangge_1112.app; sourceTree = BUILT_PRODUCTS_DIR; };
		58FBD2C51E4DA11D0091DF8F /* AppDelegate.swift */ = {isa = PBXFileReference; lastKnownFileType = sourcecode.swift; path = AppDelegate.swift; sourceTree = "<group>"; };
		58FBD2C71E4DA11D0091DF8F /* ViewController.swift */ = {isa = PBXFileReference; lastKnownFileType = sourcecode.swift; path = ViewController.swift; sourceTree = "<group>"; };
		58FBD2CA1E4DA11D0091DF8F /* Base */ = {isa = PBXFileReference; lastKnownFileType = file.storyboard; name = Base; path = Base.lproj/Main.storyboard; sourceTree = "<group>"; };
		58FBD2CC1E4DA11D0091DF8F /* Assets.xcassets */ = {isa = PBXFileReference; lastKnownFileType = folder.assetcatalog; path = Assets.xcassets; sourceTree = "<group>"; };
		58FBD2CF1E4DA11D0091DF8F /* Base */ = {isa = PBXFileReference; lastKnownFileType = file.storyboard; name = Base; path = Base.lproj/LaunchScreen.storyboard; sourceTree = "<group>"; };
		58FBD2D11E4DA11D0091DF8F /* Info.plist */ = {isa = PBXFileReference; lastKnownFileType = text.plist.xml; path = Info.plist; sourceTree = "<group>"; };
		58FBD2D71E4DA1280091DF8F /* SnapKit.xcodeproj */ = {isa = PBXFileReference; lastKnownFileType = "wrapper.pb-project"; name = SnapKit.xcodeproj; path = "../../../Downloads/SnapKit-develop/SnapKit.xcodeproj"; sourceTree = "<group>"; };
/* End PBXFileReference section */

/* Begin PBXFrameworksBuildPhase section */
		58FBD2BF1E4DA11D0091DF8F /* Frameworks */ = {
			isa = PBXFrameworksBuildPhase;
			buildActionMask = 2147483647;
			files = (
				58FBD2E01E4DA12F0091DF8F /* SnapKit.framework in Frameworks */,
			);
			runOnlyForDeploymentPostprocessing = 0;
		};
/* End PBXFrameworksBuildPhase section */

/* Begin PBXGroup section */
		58FBD2B91E4DA11D0091DF8F = {
			isa = PBXGroup;
			children = (
				58FBD2D71E4DA1280091DF8F /* SnapKit.xcodeproj */,
				58FBD2C41E4DA11D0091DF8F /* hangge_1112 */,
				58FBD2C31E4DA11D0091DF8F /* Products */,
			);
			sourceTree = "<group>";
		};
		58FBD2C31E4DA11D0091DF8F /* Products */ = {
			isa = PBXGroup;
			children = (
				58FBD2C21E4DA11D0091DF8F /* hangge_1112.app */,
			);
			name = Products;
			sourceTree = "<group>";
		};
		58FBD2C41E4DA11D0091DF8F /* hangge_1112 */ = {
			isa = PBXGroup;
			children = (
				58FBD2C51E4DA11D0091DF8F /* AppDelegate.swift */,
				58FBD2C71E4DA11D0091DF8F /* ViewController.swift */,
				58FBD2C91E4DA11D0091DF8F /* Main.storyboard */,
				58FBD2CC1E4DA11D0091DF8F /* Assets.xcassets */,
				58FBD2CE1E4DA11D0091DF8F /* LaunchScreen.storyboard */,
				58FBD2D11E4DA11D0091DF8F /* Info.plist */,
			);
			path = hangge_1112;
			sourceTree = "<group>";
		};
		58FBD2D81E4DA1280091DF8F /* Products */ = {
			isa = PBXGroup;
			children = (
				58FBD2DD1E4DA1280091DF8F /* SnapKit.framework */,
				58FBD2DF1E4DA1280091DF8F /* SnapKit Tests.xctest */,
			);
			name = Products;
			sourceTree = "<group>";
		};
/* End PBXGroup section */

/* Begin PBXNativeTarget section */
		58FBD2C11E4DA11D0091DF8F /* hangge_1112 */ = {
			isa = PBXNativeTarget;
			buildConfigurationList = 58FBD2D41E4DA11D0091DF8F /* Build configuration list for PBXNativeTarget "hangge_1112" */;
			buildPhases = (
				58FBD2BE1E4DA11D0091DF8F /* Sources */,
				58FBD2BF1E4DA11D0091DF8F /* Frameworks */,
				58FBD2C01E4DA11D0091DF8F /* Resources */,
				58FBD2E41E4DA12F0091DF8F /* Embed Frameworks */,
			);
			buildRules = (
			);
			dependencies = (
				58FBD2E31E4DA12F0091DF8F /* PBXTargetDependency */,
			);
			name = hangge_1112;
			productName = hangge_1112;
			productReference = 58FBD2C21E4DA11D0091DF8F /* hangge_1112.app */;
			productType = "com.apple.product-type.application";
		};
/* End PBXNativeTarget section */

/* Begin PBXProject section */
		58FBD2BA1E4DA11D0091DF8F /* Project object */ = {
			isa = PBXProject;
			attributes = {
				LastSwiftUpdateCheck = 0820;
				LastUpgradeCheck = 0820;
				ORGANIZATIONNAME = hangge;
				TargetAttributes = {
					58FBD2C11E4DA11D0091DF8F = {
						CreatedOnToolsVersion = 8.2.1;
						ProvisioningStyle = Automatic;
					};
				};
			};
			buildConfigurationList = 58FBD2BD1E4DA11D0091DF8F /* Build configuration list for PBXProject "hangge_1112" */;
			compatibilityVersion = "Xcode 3.2";
			developmentRegion = English;
			hasScannedForEncodings = 0;
			knownRegions = (
				en,
				Base,
			);
			mainGroup = 58FBD2B91E4DA11D0091DF8F;
			productRefGroup = 58FBD2C31E4DA11D0091DF8F /* Products */;
			projectDirPath = "";
			projectReferences = (
				{
					ProductGroup = 58FBD2D81E4DA1280091DF8F /* Products */;
					ProjectRef = 58FBD2D71E4DA1280091DF8F /* SnapKit.xcodeproj */;
				},
			);
			projectRoot = "";
			targets = (
				58FBD2C11E4DA11D0091DF8F /* hangge_1112 */,
			);
		};
/* End PBXProject section */

/* Begin PBXReferenceProxy section */
		58FBD2DD1E4DA1280091DF8F /* SnapKit.framework */ = {
			isa = PBXReferenceProxy;
			fileType = wrapper.framework;
			path = SnapKit.framework;
			remoteRef = 58FBD2DC1E4DA1280091DF8F /* PBXContainerItemProxy */;
			sourceTree = BUILT_PRODUCTS_DIR;
		};
		58FBD2DF1E4DA1280091DF8F /* SnapKit Tests.xctest */ = {
			isa = PBXReferenceProxy;
			fileType = wrapper.cfbundle;
			path = "SnapKit Tests.xctest";
			remoteRef = 58FBD2DE1E4DA1280091DF8F /* PBXContainerItemProxy */;
			sourceTree = BUILT_PRODUCTS_DIR;
		};
/* End PBXReferenceProxy section */

/* Begin PBXResourcesBuildPhase section */
		58FBD2C01E4DA11D0091DF8F /* Resources */ = {
			isa = PBXResourcesBuildPhase;
			buildActionMask = 2147483647;
			files = (
				58FBD2D01E4DA11D0091DF8F /* LaunchScreen.storyboard in Resources */,
				58FBD2CD1E4DA11D0091DF8F /* Assets.xcassets in Resources */,
				58FBD2CB1E4DA11D0091DF8F /* Main.storyboard in Resources */,
			);
			runOnlyForDeploymentPostprocessing = 0;
		};
/* End PBXResourcesBuildPhase section */

/* Begin PBXSourcesBuildPhase section */
		58FBD2BE1E4DA11D0091DF8F /* Sources */ = {
			isa = PBXSourcesBuildPhase;
			buildActionMask = 2147483647;
			files = (
				58FBD2C81E4DA11D0091DF8F /* ViewController.swift in Sources */,
				58FBD2C61E4DA11D0091DF8F /* AppDelegate.swift in Sources */,
			);
			runOnlyForDeploymentPostprocessing = 0;
		};
/* End PBXSourcesBuildPhase section */

/* Begin PBXTargetDependency section */
		58FBD2E31E4DA12F0091DF8F /* PBXTargetDependency */ = {
			isa = PBXTargetDependency;
			name = SnapKit;
			targetProxy = 58FBD2E21E4DA12F0091DF8F /* PBXContainerItemProxy */;
		};
/* End PBXTargetDependency section */

/* Begin PBXVariantGroup section */
		58FBD2C91E4DA11D0091DF8F /* Main.storyboard */ = {
			isa = PBXVariantGroup;
			children = (
				58FBD2CA1E4DA11D0091DF8F /* Base */,
			);
			name = Main.storyboard;
			sourceTree = "<group>";
		};
		58FBD2CE1E4DA11D0091DF8F /* LaunchScreen.storyboard */ = {
			isa = PBXVariantGroup;
			children = (
				58FBD2CF1E4DA11D0091DF8F /* Base */,
			);
			name = LaunchScreen.storyboard;
			sourceTree = "<group>";
		};
/* End PBXVariantGroup section */

/* Begin XCBuildConfiguration section */
		58FBD2D21E4DA11D0091DF8F /* Debug */ = {
			isa = XCBuildConfiguration;
			buildSettings = {
				ALWAYS_SEARCH_USER_PATHS = NO;
				CLANG_ANALYZER_NONNULL = YES;
				CLANG_CXX_LANGUAGE_STANDARD = "gnu++0x";
				CLANG_CXX_LIBRARY = "libc++";
				CLANG_ENABLE_MODULES = YES;
				CLANG_ENABLE_OBJC_ARC = YES;
				CLANG_WARN_BOOL_CONVERSION = YES;
				CLANG_WARN_CONSTANT_CONVERSION = YES;
				CLANG_WARN_DIRECT_OBJC_ISA_USAGE = YES_ERROR;
				CLANG_WARN_DOCUMENTATION_COMMENTS = YES;
				CLANG_WARN_EMPTY_BODY = YES;
				CLANG_WARN_ENUM_CONVERSION = YES;
				CLANG_WARN_INFINITE_RECURSION = YES;
				CLANG_WARN_INT_CONVERSION = YES;
				CLANG_WARN_OBJC_ROOT_CLASS = YES_ERROR;
				CLANG_WARN_SUSPICIOUS_MOVE = YES;
				CLANG_WARN_UNREACHABLE_CODE = YES;
				CLANG_WARN__DUPLICATE_METHOD_MATCH = YES;
				"CODE_SIGN_IDENTITY[sdk=iphoneos*]" = "iPhone Developer";
				COPY_PHASE_STRIP = NO;
				DEBUG_INFORMATION_FORMAT = dwarf;
				ENABLE_STRICT_OBJC_MSGSEND = YES;
				ENABLE_TESTABILITY = YES;
				GCC_C_LANGUAGE_STANDARD = gnu99;
				GCC_DYNAMIC_NO_PIC = NO;
				GCC_NO_COMMON_BLOCKS = YES;
				GCC_OPTIMIZATION_LEVEL = 0;
				GCC_PREPROCESSOR_DEFINITIONS = (
					"DEBUG=1",
					"$(inherited)",
				);
				GCC_WARN_64_TO_32_BIT_CONVERSION = YES;
				GCC_WARN_ABOUT_RETURN_TYPE = YES_ERROR;
				GCC_WARN_UNDECLARED_SELECTOR = YES;
				GCC_WARN_UNINITIALIZED_AUTOS = YES_AGGRESSIVE;
				GCC_WARN_UNUSED_FUNCTION = YES;
				GCC_WARN_UNUSED_VARIABLE = YES;
				IPHONEOS_DEPLOYMENT_TARGET = 10.2;
				MTL_ENABLE_DEBUG_INFO = YES;
				ONLY_ACTIVE_ARCH = YES;
				SDKROOT = iphoneos;
				SWIFT_ACTIVE_COMPILATION_CONDITIONS = DEBUG;
				SWIFT_OPTIMIZATION_LEVEL = "-Onone";
				TARGETED_DEVICE_FAMILY = "1,2";
			};
			name = Debug;
		};
		58FBD2D31E4DA11D0091DF8F /* Release */ = {
			isa = XCBuildConfiguration;
			buildSettings = {
				ALWAYS_SEARCH_USER_PATHS = NO;
				CLANG_ANALYZER_NONNULL = YES;
				CLANG_CXX_LANGUAGE_STANDARD = "gnu++0x";
				CLANG_CXX_LIBRARY = "libc++";
				CLANG_ENABLE_MODULES = YES;
				CLANG_ENABLE_OBJC_ARC = YES;
				CLANG_WARN_BOOL_CONVERSION = YES;
				CLANG_WARN_CONSTANT_CONVERSION = YES;
				CLANG_WARN_DIRECT_OBJC_ISA_USAGE = YES_ERROR;
				CLANG_WARN_DOCUMENTATION_COMMENTS = YES;
				CLANG_WARN_EMPTY_BODY = YES;
				CLANG_WARN_ENUM_CONVERSION = YES;
				CLANG_WARN_INFINITE_RECURSION = YES;
				CLANG_WARN_INT_CONVERSION = YES;
				CLANG_WARN_OBJC_ROOT_CLASS = YES_ERROR;
				CLANG_WARN_SUSPICIOUS_MOVE = YES;
				CLANG_WARN_UNREACHABLE_CODE = YES;
				CLANG_WARN__DUPLICATE_METHOD_MATCH = YES;
				"CODE_SIGN_IDENTITY[sdk=iphoneos*]" = "iPhone Developer";
				COPY_PHASE_STRIP = NO;
				DEBUG_INFORMATION_FORMAT = "dwarf-with-dsym";
				ENABLE_NS_ASSERTIONS = NO;
				ENABLE_STRICT_OBJC_MSGSEND = YES;
				GCC_C_LANGUAGE_STANDARD = gnu99;
				GCC_NO_COMMON_BLOCKS = YES;
				GCC_WARN_64_TO_32_BIT_CONVERSION = YES;
				GCC_WARN_ABOUT_RETURN_TYPE = YES_ERROR;
				GCC_WARN_UNDECLARED_SELECTOR = YES;
				GCC_WARN_UNINITIALIZED_AUTOS = YES_AGGRESSIVE;
				GCC_WARN_UNUSED_FUNCTION = YES;
				GCC_WARN_UNUSED_VARIABLE = YES;
				IPHONEOS_DEPLOYMENT_TARGET = 10.2;
				MTL_ENABLE_DEBUG_INFO = NO;
				SDKROOT = iphoneos;
				SWIFT_OPTIMIZATION_LEVEL = "-Owholemodule";
				TARGETED_DEVICE_FAMILY = "1,2";
				VALIDATE_PRODUCT = YES;
			};
			name = Release;
		};
		58FBD2D51E4DA11D0091DF8F /* Debug */ = {
			isa = XCBuildConfiguration;
			buildSettings = {
				ALWAYS_EMBED_SWIFT_STANDARD_LIBRARIES = YES;
				ASSETCATALOG_COMPILER_APPICON_NAME = AppIcon;
				INFOPLIST_FILE = hangge_1112/Info.plist;
				LD_RUNPATH_SEARCH_PATHS = "$(inherited) @executable_path/Frameworks";
				PRODUCT_BUNDLE_IDENTIFIER = "com.hangge.hangge-1112";
				PRODUCT_NAME = "$(TARGET_NAME)";
				SWIFT_VERSION = 3.0;
			};
			name = Debug;
		};
		58FBD2D61E4DA11D0091DF8F /* Release */ = {
			isa = XCBuildConfiguration;
			buildSettings = {
				ALWAYS_EMBED_SWIFT_STANDARD_LIBRARIES = YES;
				ASSETCATALOG_COMPILER_APPICON_NAME = AppIcon;
				INFOPLIST_FILE = hangge_1112/Info.plist;
				LD_RUNPATH_SEARCH_PATHS = "$(inherited) @executable_path/Frameworks";
				PRODUCT_BUNDLE_IDENTIFIER = "com.hangge.hangge-1112";
				PRODUCT_NAME = "$(TARGET_NAME)";
				SWIFT_VERSION = 3.0;
			};
			name = Release;
		};
/* End XCBuildConfiguration section */

/* Begin XCConfigurationList section */
		58FBD2BD1E4DA11D0091DF8F /* Build configuration list for PBXProject "hangge_1112" */ = {
			isa = XCConfigurationList;
			buildConfigurations = (
				58FBD2D21E4DA11D0091DF8F /* Debug */,
				58FBD2D31E4DA11D0091DF8F /* Release */,
			);
			defaultConfigurationIsVisible = 0;
			defaultConfigurationName = Release;
		};
		58FBD2D41E4DA11D0091DF8F /* Build configuration list for PBXNativeTarget "hangge_1112" */ = {
			isa = XCConfigurationList;
			buildConfigurations = (
				58FBD2D51E4DA11D0091DF8F /* Debug */,
				58FBD2D61E4DA11D0091DF8F /* Release */,
			);
			defaultConfigurationIsVisible = 0;
		};
/* End XCConfigurationList section */
	};
	rootObject = 58FBD2BA1E4DA11D0091DF8F /* Project object */;
}
