// !$*UTF8*$!
{
	archiveVersion = 1;
	classes = {
	};
	objectVersion = 46;
	objects = {

/* Begin PBXBuildFile section */
		585D36341DE296C8004CE497 /* AppDelegate.swift in Sources */ = {isa = PBXBuildFile; fileRef = 585D36331DE296C8004CE497 /* AppDelegate.swift */; };
		585D36361DE296C8004CE497 /* ViewController.swift in Sources */ = {isa = PBXBuildFile; fileRef = 585D36351DE296C8004CE497 /* ViewController.swift */; };
		585D36391DE296C8004CE497 /* Main.storyboard in Resources */ = {isa = PBXBuildFile; fileRef = 585D36371DE296C8004CE497 /* Main.storyboard */; };
		585D363B1DE296C8004CE497 /* Assets.xcassets in Resources */ = {isa = PBXBuildFile; fileRef = 585D363A1DE296C8004CE497 /* Assets.xcassets */; };
		585D363E1DE296C8004CE497 /* LaunchScreen.storyboard in Resources */ = {isa = PBXBuildFile; fileRef = 585D363C1DE296C8004CE497 /* LaunchScreen.storyboard */; };
		585D36491DE296C8004CE497 /* hangge_1342Tests.swift in Sources */ = {isa = PBXBuildFile; fileRef = 585D36481DE296C8004CE497 /* hangge_1342Tests.swift */; };
		585D36541DE296C8004CE497 /* hangge_1342UITests.swift in Sources */ = {isa = PBXBuildFile; fileRef = 585D36531DE296C8004CE497 /* hangge_1342UITests.swift */; };
/* End PBXBuildFile section */

/* Begin PBXContainerItemProxy section */
		585D36451DE296C8004CE497 /* PBXContainerItemProxy */ = {
			isa = PBXContainerItemProxy;
			containerPortal = 585D36281DE296C8004CE497 /* Project object */;
			proxyType = 1;
			remoteGlobalIDString = 585D362F1DE296C8004CE497;
			remoteInfo = hangge_1342;
		};
		585D36501DE296C8004CE497 /* PBXContainerItemProxy */ = {
			isa = PBXContainerItemProxy;
			containerPortal = 585D36281DE296C8004CE497 /* Project object */;
			proxyType = 1;
			remoteGlobalIDString = 585D362F1DE296C8004CE497;
			remoteInfo = hangge_1342;
		};
/* End PBXContainerItemProxy section */

/* Begin PBXFileReference section */
		585D36301DE296C8004CE497 /* hangge_1342.app */ = {isa = PBXFileReference; explicitFileType = wrapper.application; includeInIndex = 0; path = hangge_1342.app; sourceTree = BUILT_PRODUCTS_DIR; };
		585D36331DE296C8004CE497 /* AppDelegate.swift */ = {isa = PBXFileReference; lastKnownFileType = sourcecode.swift; path = AppDelegate.swift; sourceTree = "<group>"; };
		585D36351DE296C8004CE497 /* ViewController.swift */ = {isa = PBXFileReference; lastKnownFileType = sourcecode.swift; path = ViewController.swift; sourceTree = "<group>"; };
		585D36381DE296C8004CE497 /* Base */ = {isa = PBXFileReference; lastKnownFileType = file.storyboard; name = Base; path = Base.lproj/Main.storyboard; sourceTree = "<group>"; };
		585D363A1DE296C8004CE497 /* Assets.xcassets */ = {isa = PBXFileReference; lastKnownFileType = folder.assetcatalog; path = Assets.xcassets; sourceTree = "<group>"; };
		585D363D1DE296C8004CE497 /* Base */ = {isa = PBXFileReference; lastKnownFileType = file.storyboard; name = Base; path = Base.lproj/LaunchScreen.storyboard; sourceTree = "<group>"; };
		585D363F1DE296C8004CE497 /* Info.plist */ = {isa = PBXFileReference; lastKnownFileType = text.plist.xml; path = Info.plist; sourceTree = "<group>"; };
		585D36441DE296C8004CE497 /* hangge_1342Tests.xctest */ = {isa = PBXFileReference; explicitFileType = wrapper.cfbundle; includeInIndex = 0; path = hangge_1342Tests.xctest; sourceTree = BUILT_PRODUCTS_DIR; };
		585D36481DE296C8004CE497 /* hangge_1342Tests.swift */ = {isa = PBXFileReference; lastKnownFileType = sourcecode.swift; path = hangge_1342Tests.swift; sourceTree = "<group>"; };
		585D364A1DE296C8004CE497 /* Info.plist */ = {isa = PBXFileReference; lastKnownFileType = text.plist.xml; path = Info.plist; sourceTree = "<group>"; };
		585D364F1DE296C8004CE497 /* hangge_1342UITests.xctest */ = {isa = PBXFileReference; explicitFileType = wrapper.cfbundle; includeInIndex = 0; path = hangge_1342UITests.xctest; sourceTree = BUILT_PRODUCTS_DIR; };
		585D36531DE296C8004CE497 /* hangge_1342UITests.swift */ = {isa = PBXFileReference; lastKnownFileType = sourcecode.swift; path = hangge_1342UITests.swift; sourceTree = "<group>"; };
		585D36551DE296C8004CE497 /* Info.plist */ = {isa = PBXFileReference; lastKnownFileType = text.plist.xml; path = Info.plist; sourceTree = "<group>"; };
/* End PBXFileReference section */

/* Begin PBXFrameworksBuildPhase section */
		585D362D1DE296C8004CE497 /* Frameworks */ = {
			isa = PBXFrameworksBuildPhase;
			buildActionMask = 2147483647;
			files = (
			);
			runOnlyForDeploymentPostprocessing = 0;
		};
		585D36411DE296C8004CE497 /* Frameworks */ = {
			isa = PBXFrameworksBuildPhase;
			buildActionMask = 2147483647;
			files = (
			);
			runOnlyForDeploymentPostprocessing = 0;
		};
		585D364C1DE296C8004CE497 /* Frameworks */ = {
			isa = PBXFrameworksBuildPhase;
			buildActionMask = 2147483647;
			files = (
			);
			runOnlyForDeploymentPostprocessing = 0;
		};
/* End PBXFrameworksBuildPhase section */

/* Begin PBXGroup section */
		585D36271DE296C8004CE497 = {
			isa = PBXGroup;
			children = (
				585D36321DE296C8004CE497 /* hangge_1342 */,
				585D36471DE296C8004CE497 /* hangge_1342Tests */,
				585D36521DE296C8004CE497 /* hangge_1342UITests */,
				585D36311DE296C8004CE497 /* Products */,
			);
			sourceTree = "<group>";
		};
		585D36311DE296C8004CE497 /* Products */ = {
			isa = PBXGroup;
			children = (
				585D36301DE296C8004CE497 /* hangge_1342.app */,
				585D36441DE296C8004CE497 /* hangge_1342Tests.xctest */,
				585D364F1DE296C8004CE497 /* hangge_1342UITests.xctest */,
			);
			name = Products;
			sourceTree = "<group>";
		};
		585D36321DE296C8004CE497 /* hangge_1342 */ = {
			isa = PBXGroup;
			children = (
				585D36331DE296C8004CE497 /* AppDelegate.swift */,
				585D36351DE296C8004CE497 /* ViewController.swift */,
				585D36371DE296C8004CE497 /* Main.storyboard */,
				585D363A1DE296C8004CE497 /* Assets.xcassets */,
				585D363C1DE296C8004CE497 /* LaunchScreen.storyboard */,
				585D363F1DE296C8004CE497 /* Info.plist */,
			);
			path = hangge_1342;
			sourceTree = "<group>";
		};
		585D36471DE296C8004CE497 /* hangge_1342Tests */ = {
			isa = PBXGroup;
			children = (
				585D36481DE296C8004CE497 /* hangge_1342Tests.swift */,
				585D364A1DE296C8004CE497 /* Info.plist */,
			);
			path = hangge_1342Tests;
			sourceTree = "<group>";
		};
		585D36521DE296C8004CE497 /* hangge_1342UITests */ = {
			isa = PBXGroup;
			children = (
				585D36531DE296C8004CE497 /* hangge_1342UITests.swift */,
				585D36551DE296C8004CE497 /* Info.plist */,
			);
			path = hangge_1342UITests;
			sourceTree = "<group>";
		};
/* End PBXGroup section */

/* Begin PBXNativeTarget section */
		585D362F1DE296C8004CE497 /* hangge_1342 */ = {
			isa = PBXNativeTarget;
			buildConfigurationList = 585D36581DE296C8004CE497 /* Build configuration list for PBXNativeTarget "hangge_1342" */;
			buildPhases = (
				585D362C1DE296C8004CE497 /* Sources */,
				585D362D1DE296C8004CE497 /* Frameworks */,
				585D362E1DE296C8004CE497 /* Resources */,
			);
			buildRules = (
			);
			dependencies = (
			);
			name = hangge_1342;
			productName = hangge_1342;
			productReference = 585D36301DE296C8004CE497 /* hangge_1342.app */;
			productType = "com.apple.product-type.application";
		};
		585D36431DE296C8004CE497 /* hangge_1342Tests */ = {
			isa = PBXNativeTarget;
			buildConfigurationList = 585D365B1DE296C8004CE497 /* Build configuration list for PBXNativeTarget "hangge_1342Tests" */;
			buildPhases = (
				585D36401DE296C8004CE497 /* Sources */,
				585D36411DE296C8004CE497 /* Frameworks */,
				585D36421DE296C8004CE497 /* Resources */,
			);
			buildRules = (
			);
			dependencies = (
				585D36461DE296C8004CE497 /* PBXTargetDependency */,
			);
			name = hangge_1342Tests;
			productName = hangge_1342Tests;
			productReference = 585D36441DE296C8004CE497 /* hangge_1342Tests.xctest */;
			productType = "com.apple.product-type.bundle.unit-test";
		};
		585D364E1DE296C8004CE497 /* hangge_1342UITests */ = {
			isa = PBXNativeTarget;
			buildConfigurationList = 585D365E1DE296C8004CE497 /* Build configuration list for PBXNativeTarget "hangge_1342UITests" */;
			buildPhases = (
				585D364B1DE296C8004CE497 /* Sources */,
				585D364C1DE296C8004CE497 /* Frameworks */,
				585D364D1DE296C8004CE497 /* Resources */,
			);
			buildRules = (
			);
			dependencies = (
				585D36511DE296C8004CE497 /* PBXTargetDependency */,
			);
			name = hangge_1342UITests;
			productName = hangge_1342UITests;
			productReference = 585D364F1DE296C8004CE497 /* hangge_1342UITests.xctest */;
			productType = "com.apple.product-type.bundle.ui-testing";
		};
/* End PBXNativeTarget section */

/* Begin PBXProject section */
		585D36281DE296C8004CE497 /* Project object */ = {
			isa = PBXProject;
			attributes = {
				LastSwiftUpdateCheck = 0800;
				LastUpgradeCheck = 0800;
				ORGANIZATIONNAME = hangge;
				TargetAttributes = {
					585D362F1DE296C8004CE497 = {
						CreatedOnToolsVersion = 8.0;
						ProvisioningStyle = Automatic;
					};
					585D36431DE296C8004CE497 = {
						CreatedOnToolsVersion = 8.0;
						ProvisioningStyle = Automatic;
						TestTargetID = 585D362F1DE296C8004CE497;
					};
					585D364E1DE296C8004CE497 = {
						CreatedOnToolsVersion = 8.0;
						ProvisioningStyle = Automatic;
						TestTargetID = 585D362F1DE296C8004CE497;
					};
				};
			};
			buildConfigurationList = 585D362B1DE296C8004CE497 /* Build configuration list for PBXProject "hangge_1342" */;
			compatibilityVersion = "Xcode 3.2";
			developmentRegion = English;
			hasScannedForEncodings = 0;
			knownRegions = (
				en,
				Base,
			);
			mainGroup = 585D36271DE296C8004CE497;
			productRefGroup = 585D36311DE296C8004CE497 /* Products */;
			projectDirPath = "";
			projectRoot = "";
			targets = (
				585D362F1DE296C8004CE497 /* hangge_1342 */,
				585D36431DE296C8004CE497 /* hangge_1342Tests */,
				585D364E1DE296C8004CE497 /* hangge_1342UITests */,
			);
		};
/* End PBXProject section */

/* Begin PBXResourcesBuildPhase section */
		585D362E1DE296C8004CE497 /* Resources */ = {
			isa = PBXResourcesBuildPhase;
			buildActionMask = 2147483647;
			files = (
				585D363E1DE296C8004CE497 /* LaunchScreen.storyboard in Resources */,
				585D363B1DE296C8004CE497 /* Assets.xcassets in Resources */,
				585D36391DE296C8004CE497 /* Main.storyboard in Resources */,
			);
			runOnlyForDeploymentPostprocessing = 0;
		};
		585D36421DE296C8004CE497 /* Resources */ = {
			isa = PBXResourcesBuildPhase;
			buildActionMask = 2147483647;
			files = (
			);
			runOnlyForDeploymentPostprocessing = 0;
		};
		585D364D1DE296C8004CE497 /* Resources */ = {
			isa = PBXResourcesBuildPhase;
			buildActionMask = 2147483647;
			files = (
			);
			runOnlyForDeploymentPostprocessing = 0;
		};
/* End PBXResourcesBuildPhase section */

/* Begin PBXSourcesBuildPhase section */
		585D362C1DE296C8004CE497 /* Sources */ = {
			isa = PBXSourcesBuildPhase;
			buildActionMask = 2147483647;
			files = (
				585D36361DE296C8004CE497 /* ViewController.swift in Sources */,
				585D36341DE296C8004CE497 /* AppDelegate.swift in Sources */,
			);
			runOnlyForDeploymentPostprocessing = 0;
		};
		585D36401DE296C8004CE497 /* Sources */ = {
			isa = PBXSourcesBuildPhase;
			buildActionMask = 2147483647;
			files = (
				585D36491DE296C8004CE497 /* hangge_1342Tests.swift in Sources */,
			);
			runOnlyForDeploymentPostprocessing = 0;
		};
		585D364B1DE296C8004CE497 /* Sources */ = {
			isa = PBXSourcesBuildPhase;
			buildActionMask = 2147483647;
			files = (
				585D36541DE296C8004CE497 /* hangge_1342UITests.swift in Sources */,
			);
			runOnlyForDeploymentPostprocessing = 0;
		};
/* End PBXSourcesBuildPhase section */

/* Begin PBXTargetDependency section */
		585D36461DE296C8004CE497 /* PBXTargetDependency */ = {
			isa = PBXTargetDependency;
			target = 585D362F1DE296C8004CE497 /* hangge_1342 */;
			targetProxy = 585D36451DE296C8004CE497 /* PBXContainerItemProxy */;
		};
		585D36511DE296C8004CE497 /* PBXTargetDependency */ = {
			isa = PBXTargetDependency;
			target = 585D362F1DE296C8004CE497 /* hangge_1342 */;
			targetProxy = 585D36501DE296C8004CE497 /* PBXContainerItemProxy */;
		};
/* End PBXTargetDependency section */

/* Begin PBXVariantGroup section */
		585D36371DE296C8004CE497 /* Main.storyboard */ = {
			isa = PBXVariantGroup;
			children = (
				585D36381DE296C8004CE497 /* Base */,
			);
			name = Main.storyboard;
			sourceTree = "<group>";
		};
		585D363C1DE296C8004CE497 /* LaunchScreen.storyboard */ = {
			isa = PBXVariantGroup;
			children = (
				585D363D1DE296C8004CE497 /* Base */,
			);
			name = LaunchScreen.storyboard;
			sourceTree = "<group>";
		};
/* End PBXVariantGroup section */

/* Begin XCBuildConfiguration section */
		585D36561DE296C8004CE497 /* Debug */ = {
			isa = XCBuildConfiguration;
			buildSettings = {
				ALWAYS_SEARCH_USER_PATHS = NO;
				CLANG_ANALYZER_NONNULL = YES;
				CLANG_CXX_LANGUAGE_STANDARD = "gnu++0x";
				CLANG_CXX_LIBRARY = "libc++";
				CLANG_ENABLE_MODULES = YES;
				CLANG_ENABLE_OBJC_ARC = YES;
				CLANG_WARN_BOOL_CONVERSION = YES;
				CLANG_WARN_CONSTANT_CONVERSION = YES;
				CLANG_WARN_DIRECT_OBJC_ISA_USAGE = YES_ERROR;
				CLANG_WARN_DOCUMENTATION_COMMENTS = YES;
				CLANG_WARN_EMPTY_BODY = YES;
				CLANG_WARN_ENUM_CONVERSION = YES;
				CLANG_WARN_INFINITE_RECURSION = YES;
				CLANG_WARN_INT_CONVERSION = YES;
				CLANG_WARN_OBJC_ROOT_CLASS = YES_ERROR;
				CLANG_WARN_SUSPICIOUS_MOVES = YES;
				CLANG_WARN_UNREACHABLE_CODE = YES;
				CLANG_WARN__DUPLICATE_METHOD_MATCH = YES;
				"CODE_SIGN_IDENTITY[sdk=iphoneos*]" = "iPhone Developer";
				COPY_PHASE_STRIP = NO;
				DEBUG_INFORMATION_FORMAT = dwarf;
				ENABLE_STRICT_OBJC_MSGSEND = YES;
				ENABLE_TESTABILITY = YES;
				GCC_C_LANGUAGE_STANDARD = gnu99;
				GCC_DYNAMIC_NO_PIC = NO;
				GCC_NO_COMMON_BLOCKS = YES;
				GCC_OPTIMIZATION_LEVEL = 0;
				GCC_PREPROCESSOR_DEFINITIONS = (
					"DEBUG=1",
					"$(inherited)",
				);
				GCC_WARN_64_TO_32_BIT_CONVERSION = YES;
				GCC_WARN_ABOUT_RETURN_TYPE = YES_ERROR;
				GCC_WARN_UNDECLARED_SELECTOR = YES;
				GCC_WARN_UNINITIALIZED_AUTOS = YES_AGGRESSIVE;
				GCC_WARN_UNUSED_FUNCTION = YES;
				GCC_WARN_UNUSED_VARIABLE = YES;
				IPHONEOS_DEPLOYMENT_TARGET = 10.0;
				MTL_ENABLE_DEBUG_INFO = YES;
				ONLY_ACTIVE_ARCH = YES;
				SDKROOT = iphoneos;
				SWIFT_ACTIVE_COMPILATION_CONDITIONS = DEBUG;
				SWIFT_OPTIMIZATION_LEVEL = "-Onone";
				TARGETED_DEVICE_FAMILY = "1,2";
			};
			name = Debug;
		};
		585D36571DE296C8004CE497 /* Release */ = {
			isa = XCBuildConfiguration;
			buildSettings = {
				ALWAYS_SEARCH_USER_PATHS = NO;
				CLANG_ANALYZER_NONNULL = YES;
				CLANG_CXX_LANGUAGE_STANDARD = "gnu++0x";
				CLANG_CXX_LIBRARY = "libc++";
				CLANG_ENABLE_MODULES = YES;
				CLANG_ENABLE_OBJC_ARC = YES;
				CLANG_WARN_BOOL_CONVERSION = YES;
				CLANG_WARN_CONSTANT_CONVERSION = YES;
				CLANG_WARN_DIRECT_OBJC_ISA_USAGE = YES_ERROR;
				CLANG_WARN_DOCUMENTATION_COMMENTS = YES;
				CLANG_WARN_EMPTY_BODY = YES;
				CLANG_WARN_ENUM_CONVERSION = YES;
				CLANG_WARN_INFINITE_RECURSION = YES;
				CLANG_WARN_INT_CONVERSION = YES;
				CLANG_WARN_OBJC_ROOT_CLASS = YES_ERROR;
				CLANG_WARN_SUSPICIOUS_MOVES = YES;
				CLANG_WARN_UNREACHABLE_CODE = YES;
				CLANG_WARN__DUPLICATE_METHOD_MATCH = YES;
				"CODE_SIGN_IDENTITY[sdk=iphoneos*]" = "iPhone Developer";
				COPY_PHASE_STRIP = NO;
				DEBUG_INFORMATION_FORMAT = "dwarf-with-dsym";
				ENABLE_NS_ASSERTIONS = NO;
				ENABLE_STRICT_OBJC_MSGSEND = YES;
				GCC_C_LANGUAGE_STANDARD = gnu99;
				GCC_NO_COMMON_BLOCKS = YES;
				GCC_WARN_64_TO_32_BIT_CONVERSION = YES;
				GCC_WARN_ABOUT_RETURN_TYPE = YES_ERROR;
				GCC_WARN_UNDECLARED_SELECTOR = YES;
				GCC_WARN_UNINITIALIZED_AUTOS = YES_AGGRESSIVE;
				GCC_WARN_UNUSED_FUNCTION = YES;
				GCC_WARN_UNUSED_VARIABLE = YES;
				IPHONEOS_DEPLOYMENT_TARGET = 10.0;
				MTL_ENABLE_DEBUG_INFO = NO;
				SDKROOT = iphoneos;
				SWIFT_OPTIMIZATION_LEVEL = "-Owholemodule";
				TARGETED_DEVICE_FAMILY = "1,2";
				VALIDATE_PRODUCT = YES;
			};
			name = Release;
		};
		585D36591DE296C8004CE497 /* Debug */ = {
			isa = XCBuildConfiguration;
			buildSettings = {
				ASSETCATALOG_COMPILER_APPICON_NAME = AppIcon;
				INFOPLIST_FILE = hangge_1342/Info.plist;
				LD_RUNPATH_SEARCH_PATHS = "$(inherited) @executable_path/Frameworks";
				PRODUCT_BUNDLE_IDENTIFIER = "com.hangge.hangge-1342";
				PRODUCT_NAME = "$(TARGET_NAME)";
				SWIFT_VERSION = 3.0;
			};
			name = Debug;
		};
		585D365A1DE296C8004CE497 /* Release */ = {
			isa = XCBuildConfiguration;
			buildSettings = {
				ASSETCATALOG_COMPILER_APPICON_NAME = AppIcon;
				INFOPLIST_FILE = hangge_1342/Info.plist;
				LD_RUNPATH_SEARCH_PATHS = "$(inherited) @executable_path/Frameworks";
				PRODUCT_BUNDLE_IDENTIFIER = "com.hangge.hangge-1342";
				PRODUCT_NAME = "$(TARGET_NAME)";
				SWIFT_VERSION = 3.0;
			};
			name = Release;
		};
		585D365C1DE296C8004CE497 /* Debug */ = {
			isa = XCBuildConfiguration;
			buildSettings = {
				ALWAYS_EMBED_SWIFT_STANDARD_LIBRARIES = YES;
				BUNDLE_LOADER = "$(TEST_HOST)";
				INFOPLIST_FILE = hangge_1342Tests/Info.plist;
				LD_RUNPATH_SEARCH_PATHS = "$(inherited) @executable_path/Frameworks @loader_path/Frameworks";
				PRODUCT_BUNDLE_IDENTIFIER = "com.hangge.hangge-1342Tests";
				PRODUCT_NAME = "$(TARGET_NAME)";
				SWIFT_VERSION = 3.0;
				TEST_HOST = "$(BUILT_PRODUCTS_DIR)/hangge_1342.app/hangge_1342";
			};
			name = Debug;
		};
		585D365D1DE296C8004CE497 /* Release */ = {
			isa = XCBuildConfiguration;
			buildSettings = {
				ALWAYS_EMBED_SWIFT_STANDARD_LIBRARIES = YES;
				BUNDLE_LOADER = "$(TEST_HOST)";
				INFOPLIST_FILE = hangge_1342Tests/Info.plist;
				LD_RUNPATH_SEARCH_PATHS = "$(inherited) @executable_path/Frameworks @loader_path/Frameworks";
				PRODUCT_BUNDLE_IDENTIFIER = "com.hangge.hangge-1342Tests";
				PRODUCT_NAME = "$(TARGET_NAME)";
				SWIFT_VERSION = 3.0;
				TEST_HOST = "$(BUILT_PRODUCTS_DIR)/hangge_1342.app/hangge_1342";
			};
			name = Release;
		};
		585D365F1DE296C8004CE497 /* Debug */ = {
			isa = XCBuildConfiguration;
			buildSettings = {
				ALWAYS_EMBED_SWIFT_STANDARD_LIBRARIES = YES;
				INFOPLIST_FILE = hangge_1342UITests/Info.plist;
				LD_RUNPATH_SEARCH_PATHS = "$(inherited) @executable_path/Frameworks @loader_path/Frameworks";
				PRODUCT_BUNDLE_IDENTIFIER = "com.hangge.hangge-1342UITests";
				PRODUCT_NAME = "$(TARGET_NAME)";
				SWIFT_VERSION = 3.0;
				TEST_TARGET_NAME = hangge_1342;
			};
			name = Debug;
		};
		585D36601DE296C8004CE497 /* Release */ = {
			isa = XCBuildConfiguration;
			buildSettings = {
				ALWAYS_EMBED_SWIFT_STANDARD_LIBRARIES = YES;
				INFOPLIST_FILE = hangge_1342UITests/Info.plist;
				LD_RUNPATH_SEARCH_PATHS = "$(inherited) @executable_path/Frameworks @loader_path/Frameworks";
				PRODUCT_BUNDLE_IDENTIFIER = "com.hangge.hangge-1342UITests";
				PRODUCT_NAME = "$(TARGET_NAME)";
				SWIFT_VERSION = 3.0;
				TEST_TARGET_NAME = hangge_1342;
			};
			name = Release;
		};
/* End XCBuildConfiguration section */

/* Begin XCConfigurationList section */
		585D362B1DE296C8004CE497 /* Build configuration list for PBXProject "hangge_1342" */ = {
			isa = XCConfigurationList;
			buildConfigurations = (
				585D36561DE296C8004CE497 /* Debug */,
				585D36571DE296C8004CE497 /* Release */,
			);
			defaultConfigurationIsVisible = 0;
			defaultConfigurationName = Release;
		};
		585D36581DE296C8004CE497 /* Build configuration list for PBXNativeTarget "hangge_1342" */ = {
			isa = XCConfigurationList;
			buildConfigurations = (
				585D36591DE296C8004CE497 /* Debug */,
				585D365A1DE296C8004CE497 /* Release */,
			);
			defaultConfigurationIsVisible = 0;
		};
		585D365B1DE296C8004CE497 /* Build configuration list for PBXNativeTarget "hangge_1342Tests" */ = {
			isa = XCConfigurationList;
			buildConfigurations = (
				585D365C1DE296C8004CE497 /* Debug */,
				585D365D1DE296C8004CE497 /* Release */,
			);
			defaultConfigurationIsVisible = 0;
		};
		585D365E1DE296C8004CE497 /* Build configuration list for PBXNativeTarget "hangge_1342UITests" */ = {
			isa = XCConfigurationList;
			buildConfigurations = (
				585D365F1DE296C8004CE497 /* Debug */,
				585D36601DE296C8004CE497 /* Release */,
			);
			defaultConfigurationIsVisible = 0;
		};
/* End XCConfigurationList section */
	};
	rootObject = 585D36281DE296C8004CE497 /* Project object */;
}
